{
  "originHash" : "4067538b462a91ac359693e61ffdd69a38c098b0a4ef71bc8254f23143995ea0",
  "pins" : [
    {
      "identity" : "dictionarycoding",
      "kind" : "remoteSourceControl",
      "location" : "https://github.com/elegantchaos/DictionaryCoding.git",
      "state" : {
        "revision" : "ae19e456bd550fed8f341e5bae4318333c53a5b4",
        "version" : "1.0.9"
      }
    },
    {
      "identity" : "kmp-nativecoroutines",
      "kind" : "remoteSourceControl",
      "location" : "https://github.com/rickclephas/KMP-NativeCoroutines.git",
      "state" : {
        "revision" : "f2e100366354e38543d53e55b8a755359877e402"
      }
    }
  ],
  "version" : 3
}
